<?xml version="1.0" encoding="utf-8"?>
<Project ToolsVersion="4.0" xmlns="http://schemas.microsoft.com/developer/msbuild/2003">
  <ItemGroup>
    <Filter Include="Source Files">
      <UniqueIdentifier>{4eadc83e-a5ec-4038-a452-643c05f0667a}</UniqueIdentifier>
      <Extensions>cpp;c;cxx;def;odl;idl;hpj;bat;asm</Extensions>
    </Filter>
    <Filter Include="Source Files\3rd Party">
      <UniqueIdentifier>{b11eb6eb-cdad-4ebe-b3fb-90a394dddefb}</UniqueIdentifier>
    </Filter>
    <Filter Include="Source Files\3rd Party\Tiny XML">
      <UniqueIdentifier>{7ceab12d-0ecc-43d3-a2ac-328f75d6dd12}</UniqueIdentifier>
    </Filter>
    <Filter Include="Source Files\Main">
      <UniqueIdentifier>{ce4087f3-d3d2-494d-9202-e764d4082bfc}</UniqueIdentifier>
    </Filter>
    <Filter Include="Source Files\Config Tools">
      <UniqueIdentifier>{39976a38-193a-42c1-9c6a-f0138a714259}</UniqueIdentifier>
    </Filter>
    <Filter Include="Source Files\Config Tools\Mapper">
      <UniqueIdentifier>{c6fa1974-5419-4fd1-8363-d49271626e57}</UniqueIdentifier>
    </Filter>
    <Filter Include="Source Files\Config Tools\ipl">
      <UniqueIdentifier>{016944bf-965e-4449-b745-7c668c8c6635}</UniqueIdentifier>
    </Filter>
    <Filter Include="Source Files\Config Tools\wke">
      <UniqueIdentifier>{9ab2dad1-d546-4951-a740-4fd783391753}</UniqueIdentifier>
    </Filter>
    <Filter Include="Source Files\Scheduler">
      <UniqueIdentifier>{49f773bb-db64-468d-bf11-d7a1db51fef9}</UniqueIdentifier>
    </Filter>
    <Filter Include="Header Files">
      <UniqueIdentifier>{643a7c8f-33d4-47bc-a12b-00d18b7e776a}</UniqueIdentifier>
      <Extensions>h;hpp;hxx;hm;inl;inc</Extensions>
    </Filter>
    <Filter Include="Header Files\3rd Party">
      <UniqueIdentifier>{fee8df65-2385-4df7-a246-d8603636be7d}</UniqueIdentifier>
    </Filter>
    <Filter Include="Header Files\3rd Party\Tiny XML">
      <UniqueIdentifier>{b7ea733b-3fe7-439a-827f-6917120e4336}</UniqueIdentifier>
    </Filter>
    <Filter Include="Header Files\Main">
      <UniqueIdentifier>{cb4dcf15-3ef1-402c-a129-8e407c65db70}</UniqueIdentifier>
    </Filter>
    <Filter Include="Header Files\Config Tools">
      <UniqueIdentifier>{d2e93270-aa71-4193-86f7-8f45260799c6}</UniqueIdentifier>
    </Filter>
    <Filter Include="Header Files\Config Tools\Mapper">
      <UniqueIdentifier>{de95c52a-5bd7-4e4c-9f6d-938286efd60c}</UniqueIdentifier>
    </Filter>
    <Filter Include="Header Files\Config Tools\ipl">
      <UniqueIdentifier>{10865aec-4d32-4c31-8f58-5c1face4c9df}</UniqueIdentifier>
    </Filter>
    <Filter Include="Header Files\Config Tools\wke">
      <UniqueIdentifier>{72566907-5556-4b06-b85a-eb2fab1e8a5e}</UniqueIdentifier>
    </Filter>
    <Filter Include="Header Files\Scheduler">
      <UniqueIdentifier>{44f8a9fa-f8af-4239-8e13-c16b6bafe55a}</UniqueIdentifier>
    </Filter>
    <Filter Include="Resource Files">
      <UniqueIdentifier>{d512dba1-6fdb-44db-bce1-0cfac3a93ed4}</UniqueIdentifier>
      <Extensions>rc;ico;cur;bmp;dlg;rc2;rct;bin;rgs;jpg;jpeg;jpe;manifest;fbp</Extensions>
    </Filter>
    <Filter Include="Source Files\Config Tools\wkn">
      <UniqueIdentifier>{04bbf711-ff4a-48d5-b62f-c5e98c9ea388}</UniqueIdentifier>
    </Filter>
    <Filter Include="Header Files\Config Tools\wkn">
      <UniqueIdentifier>{569f02c6-6ec4-44d4-84c9-f02e3e2a8ca5}</UniqueIdentifier>
    </Filter>
  </ItemGroup>
  <ItemGroup>
    <ClCompile Include="tinystr.cpp">
      <Filter>Source Files\3rd Party\Tiny XML</Filter>
    </ClCompile>
    <ClCompile Include="tinyxml.cpp">
      <Filter>Source Files\3rd Party\Tiny XML</Filter>
    </ClCompile>
    <ClCompile Include="tinyxmlerror.cpp">
      <Filter>Source Files\3rd Party\Tiny XML</Filter>
    </ClCompile>
    <ClCompile Include="tinyxmlparser.cpp">
      <Filter>Source Files\3rd Party\Tiny XML</Filter>
    </ClCompile>
    <ClCompile Include="base64.cpp">
      <Filter>Source Files\Main</Filter>
    </ClCompile>
    <ClCompile Include="class_dirMappingData.cpp">
      <Filter>Source Files\Main</Filter>
    </ClCompile>
    <ClCompile Include="class_settings.cpp">
      <Filter>Source Files\Main</Filter>
    </ClCompile>
    <ClCompile Include="class_sqlConn.cpp">
      <Filter>Source Files\Main</Filter>
    </ClCompile>
    <ClCompile Include="class_versionCheck.cpp">
      <Filter>Source Files\Main</Filter>
    </ClCompile>
    <ClCompile Include="class_wkErrMessages.cpp">
      <Filter>Source Files\Main</Filter>
    </ClCompile>
    <ClCompile Include="class_wkHilfe.cpp">
      <Filter>Source Files\Main</Filter>
    </ClCompile>
    <ClCompile Include="class_wkHtml.cpp">
      <Filter>Source Files\Main</Filter>
    </ClCompile>
    <ClCompile Include="class_wkLog.cpp">
      <Filter>Source Files\Main</Filter>
    </ClCompile>
    <ClCompile Include="class_wkLogFile.cpp">
      <Filter>Source Files\Main</Filter>
    </ClCompile>
    <ClCompile Include="htmstrings.cpp">
      <Filter>Source Files\Main</Filter>
    </ClCompile>
    <ClCompile Include="version.cpp">
      <Filter>Source Files\Main</Filter>
    </ClCompile>
    <ClCompile Include="wktools4.cpp">
      <Filter>Source Files\Main</Filter>
    </ClCompile>
    <ClCompile Include="wktools4Frame.cpp">
      <Filter>Source Files\Main</Filter>
    </ClCompile>
    <ClCompile Include="class_tabelle.cpp">
      <Filter>Source Files\Config Tools</Filter>
    </ClCompile>
    <ClCompile Include="class_tabellePanel.cpp">
      <Filter>Source Files\Config Tools</Filter>
    </ClCompile>
    <ClCompile Include="class_wzrd.cpp">
      <Filter>Source Files\Config Tools</Filter>
    </ClCompile>
    <ClCompile Include="class_wzrdPropGrid.cpp">
      <Filter>Source Files\Config Tools</Filter>
    </ClCompile>
    <ClCompile Include="class_ersetzer.cpp">
      <Filter>Source Files\Config Tools\wkn</Filter>
    </ClCompile>
    <ClCompile Include="class_macSearchDialog.cpp">
      <Filter>Source Files\Config Tools\Mapper</Filter>
    </ClCompile>
    <ClCompile Include="class_wkm.cpp">
      <Filter>Source Files\Config Tools\Mapper</Filter>
    </ClCompile>
    <ClCompile Include="class_wkmAusgabe.cpp">
      <Filter>Source Files\Config Tools\Mapper</Filter>
    </ClCompile>
    <ClCompile Include="class_wkmdb.cpp">
      <Filter>Source Files\Config Tools\Mapper</Filter>
    </ClCompile>
    <ClCompile Include="class_wkmImport.cpp">
      <Filter>Source Files\Config Tools\Mapper</Filter>
    </ClCompile>
    <ClCompile Include="class_wkmMacUpdate.cpp">
      <Filter>Source Files\Config Tools\Mapper</Filter>
    </ClCompile>
    <ClCompile Include="class_wkmParser.cpp">
      <Filter>Source Files\Config Tools\Mapper</Filter>
    </ClCompile>
    <ClCompile Include="class_wkmPropGrid.cpp">
      <Filter>Source Files\Config Tools\Mapper</Filter>
    </ClCompile>
    <ClCompile Include="class_wkmVisioAusgabe.cpp">
      <Filter>Source Files\Config Tools\Mapper</Filter>
    </ClCompile>
    <ClCompile Include="class_ipl.cpp">
      <Filter>Source Files\Config Tools\ipl</Filter>
    </ClCompile>
    <ClCompile Include="class_wkl.cpp">
      <Filter>Source Files\Config Tools\ipl</Filter>
    </ClCompile>
    <ClCompile Include="class_wklPropGrid.cpp">
      <Filter>Source Files\Config Tools\ipl</Filter>
    </ClCompile>
    <ClCompile Include="portscanner.cpp">
      <Filter>Source Files\Config Tools\ipl</Filter>
    </ClCompile>
    <ClCompile Include="class_devGrp.cpp">
      <Filter>Source Files\Config Tools\wke</Filter>
    </ClCompile>
    <ClCompile Include="class_devGrpPanel.cpp">
      <Filter>Source Files\Config Tools\wke</Filter>
    </ClCompile>
    <ClCompile Include="class_verbinder.cpp">
      <Filter>Source Files\Config Tools\wke</Filter>
    </ClCompile>
    <ClCompile Include="class_wke.cpp">
      <Filter>Source Files\Config Tools\wke</Filter>
    </ClCompile>
    <ClCompile Include="class_wkePropGrid.cpp">
      <Filter>Source Files\Config Tools\wke</Filter>
    </ClCompile>
    <ClCompile Include="class_schedPanel.cpp">
      <Filter>Source Files\Scheduler</Filter>
    </ClCompile>
    <ClCompile Include="class_scheduler.cpp">
      <Filter>Source Files\Scheduler</Filter>
    </ClCompile>
    <ClCompile Include="class_schedulerPropGrid.cpp">
      <Filter>Source Files\Scheduler</Filter>
    </ClCompile>
    <ClCompile Include="class_wkmParserDB.cpp">
      <Filter>Source Files\Config Tools\Mapper</Filter>
    </ClCompile>
    <ClCompile Include="class_wkmCombiner2.cpp">
      <Filter>Source Files\Config Tools\Mapper</Filter>
    </ClCompile>
    <ClCompile Include="class_wkn.cpp">
      <Filter>Source Files\Config Tools\wkn</Filter>
    </ClCompile>
    <ClCompile Include="class_wknPropGrid.cpp">
      <Filter>Source Files\Config Tools\wkn</Filter>
    </ClCompile>
    <ClCompile Include="class_wkmEnd2End.cpp">
      <Filter>Source Files\Config Tools\Mapper</Filter>
    </ClCompile>
  </ItemGroup>
  <ItemGroup>
    <ClInclude Include="tinystr.h">
      <Filter>Header Files\3rd Party\Tiny XML</Filter>
    </ClInclude>
    <ClInclude Include="tinyxml.h">
      <Filter>Header Files\3rd Party\Tiny XML</Filter>
    </ClInclude>
    <ClInclude Include="base64.h">
      <Filter>Header Files\Main</Filter>
    </ClInclude>
    <ClInclude Include="class_dirMappingData.h">
      <Filter>Header Files\Main</Filter>
    </ClInclude>
    <ClInclude Include="class_logEvent.h">
      <Filter>Header Files\Main</Filter>
    </ClInclude>
    <ClInclude Include="class_settings.h">
      <Filter>Header Files\Main</Filter>
    </ClInclude>
    <ClInclude Include="class_sqlConn.h">
      <Filter>Header Files\Main</Filter>
    </ClInclude>
    <ClInclude Include="class_versionCheck.h">
      <Filter>Header Files\Main</Filter>
    </ClInclude>
    <ClInclude Include="class_wkErrMessages.h">
      <Filter>Header Files\Main</Filter>
    </ClInclude>
    <ClInclude Include="class_wkHilfe.h">
      <Filter>Header Files\Main</Filter>
    </ClInclude>
    <ClInclude Include="class_wkHtml.h">
      <Filter>Header Files\Main</Filter>
    </ClInclude>
    <ClInclude Include="class_wkLog.h">
      <Filter>Header Files\Main</Filter>
    </ClInclude>
    <ClInclude Include="class_wkLogFile.h">
      <Filter>Header Files\Main</Filter>
    </ClInclude>
    <ClInclude Include="htmstrings.h">
      <Filter>Header Files\Main</Filter>
    </ClInclude>
    <ClInclude Include="resource.h">
      <Filter>Header Files\Main</Filter>
    </ClInclude>
    <ClInclude Include="stdwx.h">
      <Filter>Header Files\Main</Filter>
    </ClInclude>
    <ClInclude Include="version.h">
      <Filter>Header Files\Main</Filter>
    </ClInclude>
    <ClInclude Include="wkEvents.h">
      <Filter>Header Files\Main</Filter>
    </ClInclude>
    <ClInclude Include="wktools4.h">
      <Filter>Header Files\Main</Filter>
    </ClInclude>
    <ClInclude Include="wktools4Frame.h">
      <Filter>Header Files\Main</Filter>
    </ClInclude>
    <ClInclude Include="class_tabelle.h">
      <Filter>Header Files\Config Tools</Filter>
    </ClInclude>
    <ClInclude Include="class_tabellePanel.h">
      <Filter>Header Files\Config Tools</Filter>
    </ClInclude>
    <ClInclude Include="class_wzrd.h">
      <Filter>Header Files\Config Tools</Filter>
    </ClInclude>
    <ClInclude Include="class_wzrdPropGrid.h">
      <Filter>Header Files\Config Tools</Filter>
    </ClInclude>
    <ClInclude Include="class_ersetzer.h">
      <Filter>Header Files\Config Tools\wkn</Filter>
    </ClInclude>
    <ClInclude Include="class_macSearchDialog.h">
      <Filter>Header Files\Config Tools\Mapper</Filter>
    </ClInclude>
    <ClInclude Include="class_wkm.h">
      <Filter>Header Files\Config Tools\Mapper</Filter>
    </ClInclude>
    <ClInclude Include="class_wkmAusgabe.h">
      <Filter>Header Files\Config Tools\Mapper</Filter>
    </ClInclude>
    <ClInclude Include="class_wkmdb.h">
      <Filter>Header Files\Config Tools\Mapper</Filter>
    </ClInclude>
    <ClInclude Include="class_wkmImport.h">
      <Filter>Header Files\Config Tools\Mapper</Filter>
    </ClInclude>
    <ClInclude Include="class_wkmMacUpdate.h">
      <Filter>Header Files\Config Tools\Mapper</Filter>
    </ClInclude>
    <ClInclude Include="class_wkmParser.h">
      <Filter>Header Files\Config Tools\Mapper</Filter>
    </ClInclude>
    <ClInclude Include="class_wkmPropGrid.h">
      <Filter>Header Files\Config Tools\Mapper</Filter>
    </ClInclude>
    <ClInclude Include="class_wkmVisioAusgabe.h">
      <Filter>Header Files\Config Tools\Mapper</Filter>
    </ClInclude>
    <ClInclude Include="quickref.h">
      <Filter>Header Files\Config Tools\Mapper</Filter>
    </ClInclude>
    <ClInclude Include="visio.h">
      <Filter>Header Files\Config Tools\Mapper</Filter>
    </ClInclude>
    <ClInclude Include="class_ipl.h">
      <Filter>Header Files\Config Tools\ipl</Filter>
    </ClInclude>
    <ClInclude Include="class_wkl.h">
      <Filter>Header Files\Config Tools\ipl</Filter>
    </ClInclude>
    <ClInclude Include="class_wklPropGrid.h">
      <Filter>Header Files\Config Tools\ipl</Filter>
    </ClInclude>
    <ClInclude Include="icmp_header.hpp">
      <Filter>Header Files\Config Tools\ipl</Filter>
    </ClInclude>
    <ClInclude Include="ipv4_header.hpp">
      <Filter>Header Files\Config Tools\ipl</Filter>
    </ClInclude>
    <ClInclude Include="portscanner.h">
      <Filter>Header Files\Config Tools\ipl</Filter>
    </ClInclude>
    <ClInclude Include="class_devGrp.h">
      <Filter>Header Files\Config Tools\wke</Filter>
    </ClInclude>
    <ClInclude Include="class_devGrpPanel.h">
      <Filter>Header Files\Config Tools\wke</Filter>
    </ClInclude>
    <ClInclude Include="class_verbinder.h">
      <Filter>Header Files\Config Tools\wke</Filter>
    </ClInclude>
    <ClInclude Include="class_wke.h">
      <Filter>Header Files\Config Tools\wke</Filter>
    </ClInclude>
    <ClInclude Include="class_wkePropGrid.h">
      <Filter>Header Files\Config Tools\wke</Filter>
    </ClInclude>
    <ClInclude Include="class_enhancedStringProperty.h">
      <Filter>Header Files\Scheduler</Filter>
    </ClInclude>
    <ClInclude Include="class_schedPanel.h">
      <Filter>Header Files\Scheduler</Filter>
    </ClInclude>
    <ClInclude Include="class_scheduler.h">
      <Filter>Header Files\Scheduler</Filter>
    </ClInclude>
    <ClInclude Include="class_schedulerPropGrid.h">
      <Filter>Header Files\Scheduler</Filter>
    </ClInclude>
    <ClInclude Include="class_wkmParserDB.h">
      <Filter>Header Files\Config Tools\Mapper</Filter>
    </ClInclude>
    <ClInclude Include="class_wkmCombiner2.h">
      <Filter>Header Files\Config Tools\Mapper</Filter>
    </ClInclude>
    <ClInclude Include="class_wkn.h">
      <Filter>Header Files\Config Tools\wkn</Filter>
    </ClInclude>
    <ClInclude Include="class_wknPropGrid.h">
      <Filter>Header Files\Config Tools\wkn</Filter>
    </ClInclude>
    <ClInclude Include="class_wkmEnd2End.h">
      <Filter>Header Files\Config Tools\Mapper</Filter>
    </ClInclude>
    <ClInclude Include="tasks_handler.h">
      <Filter>Header Files\Scheduler</Filter>
    </ClInclude>
  </ItemGroup>
  <ItemGroup>
    <Image Include="res\wktools4.ico">
      <Filter>Resource Files</Filter>
    </Image>
  </ItemGroup>
  <ItemGroup>
    <ResourceCompile Include="wktools4.rc">
      <Filter>Resource Files</Filter>
    </ResourceCompile>
  </ItemGroup>
  <ItemGroup>
    <None Include="ClassDiagram1.cd" />
    <None Include="test.htm" />
    <None Include="packages.config" />
  </ItemGroup>
  <ItemGroup>
    <Text Include="todo.txt" />
  </ItemGroup>
  <ItemGroup>
    <Xml Include="wktools.xml" />
  </ItemGroup>
</Project>